
Microsoft Visual Studio Solution File, Format Version 12.00
# Visual Studio 15
VisualStudioVersion = 15.0.27130.2003
MinimumVisualStudioVersion = 10.0.40219.1
Project("{FAE04EC0-301F-11D3-BF4B-00C04F79EFBC}") = "SimpleInjectorWebAPIDemo", "SimpleInjectorWebAPIDemo\SimpleInjectorWebAPIDemo.csproj", "{9BF144A6-ED8B-4890-AB27-3C9BC457C213}"
EndProject
Global
	GlobalSection(SolutionConfigurationPlatforms) = preSolution
		Debug|Any CPU = Debug|Any CPU
		Release|Any CPU = Release|Any CPU
	EndGlobalSection
	GlobalSection(ProjectConfigurationPlatforms) = postSolution
		{9BF144A6-ED8B-4890-AB27-3C9BC457C213}.Debug|Any CPU.ActiveCfg = Debug|Any CPU
		{9BF144A6-ED8B-4890-AB27-3C9BC457C213}.Debug|Any CPU.Build.0 = Debug|Any CPU
		{9BF144A6-ED8B-4890-AB27-3C9BC457C213}.Release|Any CPU.ActiveCfg = Release|Any CPU
		{9BF144A6-ED8B-4890-AB27-3C9BC457C213}.Release|Any CPU.Build.0 = Release|Any CPU
	EndGlobalSection
	GlobalSection(SolutionProperties) = preSolution
		HideSolutionNode = FALSE
	EndGlobalSection
	GlobalSection(ExtensibilityGlobals) = postSolution
		SolutionGuid = {6356CA47-A2B7-4F5F-B9FB-B770EC71EC44}
	EndGlobalSection
EndGlobal
